// !$*UTF8*$!
{
	archiveVersion = 1;
	classes = {
	};
	objectVersion = 56;
	objects = {

/* Begin PBXBuildFile section */
		274612932B4D2218000372A3 /* UIViewController+.swift in Sources */ = {isa = PBXBuildFile; fileRef = 274612922B4D2218000372A3 /* UIViewController+.swift */; };
		274612952B4D2796000372A3 /* ContactError.swift in Sources */ = {isa = PBXBuildFile; fileRef = 274612942B4D2796000372A3 /* ContactError.swift */; };
		274612972B4D288A000372A3 /* InputValidator.swift in Sources */ = {isa = PBXBuildFile; fileRef = 274612962B4D288A000372A3 /* InputValidator.swift */; };
		277DCD0A2B4B8DA90076784E /* AddContactViewController.swift in Sources */ = {isa = PBXBuildFile; fileRef = 277DCD092B4B8DA90076784E /* AddContactViewController.swift */; };
		2782250E2B5127C1000A5EEE /* String+.swift in Sources */ = {isa = PBXBuildFile; fileRef = 2782250D2B5127C1000A5EEE /* String+.swift */; };
		278225102B51284C000A5EEE /* ContactTableViewErrorCell.swift in Sources */ = {isa = PBXBuildFile; fileRef = 2782250F2B51284C000A5EEE /* ContactTableViewErrorCell.swift */; };
		278225122B5128EA000A5EEE /* Array+.swift in Sources */ = {isa = PBXBuildFile; fileRef = 278225112B5128EA000A5EEE /* Array+.swift */; };
		278225142B512A43000A5EEE /* NotificationName+.swift in Sources */ = {isa = PBXBuildFile; fileRef = 278225132B512A43000A5EEE /* NotificationName+.swift */; };
		846A09D02B43AB0000236358 /* AppDelegate.swift in Sources */ = {isa = PBXBuildFile; fileRef = 846A09CF2B43AB0000236358 /* AppDelegate.swift */; };
		846A09D22B43AB0000236358 /* SceneDelegate.swift in Sources */ = {isa = PBXBuildFile; fileRef = 846A09D12B43AB0000236358 /* SceneDelegate.swift */; };
		846A09D42B43AB0000236358 /* ContactListViewController.swift in Sources */ = {isa = PBXBuildFile; fileRef = 846A09D32B43AB0000236358 /* ContactListViewController.swift */; };
		846A09D72B43AB0000236358 /* Main.storyboard in Resources */ = {isa = PBXBuildFile; fileRef = 846A09D52B43AB0000236358 /* Main.storyboard */; };
		846A09D92B43AB0200236358 /* Assets.xcassets in Resources */ = {isa = PBXBuildFile; fileRef = 846A09D82B43AB0200236358 /* Assets.xcassets */; };
		846A09DC2B43AB0200236358 /* LaunchScreen.storyboard in Resources */ = {isa = PBXBuildFile; fileRef = 846A09DA2B43AB0200236358 /* LaunchScreen.storyboard */; };
		846A09E42B43F71800236358 /* Contact.swift in Sources */ = {isa = PBXBuildFile; fileRef = 846A09E32B43F71800236358 /* Contact.swift */; };
		846A09E62B43F89D00236358 /* ContactManager.swift in Sources */ = {isa = PBXBuildFile; fileRef = 846A09E52B43F89D00236358 /* ContactManager.swift */; };
		846F3E592B47B9D300FE38D1 /* ContactTableViewCell.swift in Sources */ = {isa = PBXBuildFile; fileRef = 846F3E582B47B9D300FE38D1 /* ContactTableViewCell.swift */; };
/* End PBXBuildFile section */

/* Begin PBXFileReference section */
		274612922B4D2218000372A3 /* UIViewController+.swift */ = {isa = PBXFileReference; lastKnownFileType = sourcecode.swift; path = "UIViewController+.swift"; sourceTree = "<group>"; };
		274612942B4D2796000372A3 /* ContactError.swift */ = {isa = PBXFileReference; lastKnownFileType = sourcecode.swift; path = ContactError.swift; sourceTree = "<group>"; };
		274612962B4D288A000372A3 /* InputValidator.swift */ = {isa = PBXFileReference; lastKnownFileType = sourcecode.swift; path = InputValidator.swift; sourceTree = "<group>"; };
		277DCD092B4B8DA90076784E /* AddContactViewController.swift */ = {isa = PBXFileReference; lastKnownFileType = sourcecode.swift; path = AddContactViewController.swift; sourceTree = "<group>"; };
		2782250D2B5127C1000A5EEE /* String+.swift */ = {isa = PBXFileReference; lastKnownFileType = sourcecode.swift; path = "String+.swift"; sourceTree = "<group>"; };
		2782250F2B51284C000A5EEE /* ContactTableViewErrorCell.swift */ = {isa = PBXFileReference; lastKnownFileType = sourcecode.swift; path = ContactTableViewErrorCell.swift; sourceTree = "<group>"; };
		278225112B5128EA000A5EEE /* Array+.swift */ = {isa = PBXFileReference; lastKnownFileType = sourcecode.swift; path = "Array+.swift"; sourceTree = "<group>"; };
		278225132B512A43000A5EEE /* NotificationName+.swift */ = {isa = PBXFileReference; lastKnownFileType = sourcecode.swift; path = "NotificationName+.swift"; sourceTree = "<group>"; };
		846A09CC2B43AB0000236358 /* ios-contact-manager-ui.app */ = {isa = PBXFileReference; explicitFileType = wrapper.application; includeInIndex = 0; path = "ios-contact-manager-ui.app"; sourceTree = BUILT_PRODUCTS_DIR; };
		846A09CF2B43AB0000236358 /* AppDelegate.swift */ = {isa = PBXFileReference; lastKnownFileType = sourcecode.swift; path = AppDelegate.swift; sourceTree = "<group>"; };
		846A09D12B43AB0000236358 /* SceneDelegate.swift */ = {isa = PBXFileReference; lastKnownFileType = sourcecode.swift; path = SceneDelegate.swift; sourceTree = "<group>"; };
		846A09D32B43AB0000236358 /* ContactListViewController.swift */ = {isa = PBXFileReference; lastKnownFileType = sourcecode.swift; path = ContactListViewController.swift; sourceTree = "<group>"; };
		846A09D62B43AB0000236358 /* Base */ = {isa = PBXFileReference; lastKnownFileType = file.storyboard; name = Base; path = Base.lproj/Main.storyboard; sourceTree = "<group>"; };
		846A09D82B43AB0200236358 /* Assets.xcassets */ = {isa = PBXFileReference; lastKnownFileType = folder.assetcatalog; path = Assets.xcassets; sourceTree = "<group>"; };
		846A09DB2B43AB0200236358 /* Base */ = {isa = PBXFileReference; lastKnownFileType = file.storyboard; name = Base; path = Base.lproj/LaunchScreen.storyboard; sourceTree = "<group>"; };
		846A09DD2B43AB0200236358 /* Info.plist */ = {isa = PBXFileReference; lastKnownFileType = text.plist.xml; path = Info.plist; sourceTree = "<group>"; };
		846A09E32B43F71800236358 /* Contact.swift */ = {isa = PBXFileReference; lastKnownFileType = sourcecode.swift; path = Contact.swift; sourceTree = "<group>"; };
		846A09E52B43F89D00236358 /* ContactManager.swift */ = {isa = PBXFileReference; lastKnownFileType = sourcecode.swift; path = ContactManager.swift; sourceTree = "<group>"; };
		846F3E582B47B9D300FE38D1 /* ContactTableViewCell.swift */ = {isa = PBXFileReference; lastKnownFileType = sourcecode.swift; path = ContactTableViewCell.swift; sourceTree = "<group>"; };
/* End PBXFileReference section */

/* Begin PBXFrameworksBuildPhase section */
		846A09C92B43AB0000236358 /* Frameworks */ = {
			isa = PBXFrameworksBuildPhase;
			buildActionMask = 2147483647;
			files = (
			);
			runOnlyForDeploymentPostprocessing = 0;
		};
/* End PBXFrameworksBuildPhase section */

/* Begin PBXGroup section */
		274612912B4D21F4000372A3 /* Extension */ = {
			isa = PBXGroup;
			children = (
				274612922B4D2218000372A3 /* UIViewController+.swift */,
				278225132B512A43000A5EEE /* NotificationName+.swift */,
				2782250D2B5127C1000A5EEE /* String+.swift */,
				278225112B5128EA000A5EEE /* Array+.swift */,
			);
			path = Extension;
			sourceTree = "<group>";
		};
		27B86A2A2B4551DD0081F621 /* Controller */ = {
			isa = PBXGroup;
			children = (
				846A09D32B43AB0000236358 /* ContactListViewController.swift */,
			);
			path = Controller;
			sourceTree = "<group>";
		};
		27B86A2B2B4551E10081F621 /* View */ = {
			isa = PBXGroup;
			children = (
				846A09D52B43AB0000236358 /* Main.storyboard */,
				846A09DA2B43AB0200236358 /* LaunchScreen.storyboard */,
				846F3E582B47B9D300FE38D1 /* ContactTableViewCell.swift */,
				2782250F2B51284C000A5EEE /* ContactTableViewErrorCell.swift */,
			);
			path = View;
			sourceTree = "<group>";
		};
		27B86A2C2B4551E70081F621 /* Model */ = {
			isa = PBXGroup;
			children = (
				846A09E32B43F71800236358 /* Contact.swift */,
				846A09E52B43F89D00236358 /* ContactManager.swift */,
			);
			path = Model;
			sourceTree = "<group>";
		};
		27B86A2D2B4552080081F621 /* App */ = {
			isa = PBXGroup;
			children = (
				846A09CF2B43AB0000236358 /* AppDelegate.swift */,
				846A09D12B43AB0000236358 /* SceneDelegate.swift */,
			);
			path = App;
			sourceTree = "<group>";
		};
		27B86A2E2B45520F0081F621 /* Resource */ = {
			isa = PBXGroup;
			children = (
				846A09D82B43AB0200236358 /* Assets.xcassets */,
			);
			path = Resource;
			sourceTree = "<group>";
		};
		846A09C32B43AB0000236358 = {
			isa = PBXGroup;
			children = (
				846A09CE2B43AB0000236358 /* ios-contact-manager-ui */,
				846A09CD2B43AB0000236358 /* Products */,
			);
			sourceTree = "<group>";
		};
		846A09CD2B43AB0000236358 /* Products */ = {
			isa = PBXGroup;
			children = (
				846A09CC2B43AB0000236358 /* ios-contact-manager-ui.app */,
			);
			name = Products;
			sourceTree = "<group>";
		};
		846A09CE2B43AB0000236358 /* ios-contact-manager-ui */ = {
			isa = PBXGroup;
			children = (
				27B86A2D2B4552080081F621 /* App */,
				27B86A2C2B4551E70081F621 /* Model */,
				27B86A2B2B4551E10081F621 /* View */,
				27B86A2A2B4551DD0081F621 /* Controller */,
				274612912B4D21F4000372A3 /* Extension */,
				27B86A2E2B45520F0081F621 /* Resource */,
				846A09DD2B43AB0200236358 /* Info.plist */,
			);
			path = "ios-contact-manager-ui";
			sourceTree = "<group>";
		};
/* End PBXGroup section */

/* Begin PBXNativeTarget section */
		846A09CB2B43AB0000236358 /* ios-contact-manager-ui */ = {
			isa = PBXNativeTarget;
			buildConfigurationList = 846A09E02B43AB0200236358 /* Build configuration list for PBXNativeTarget "ios-contact-manager-ui" */;
			buildPhases = (
				846A09C82B43AB0000236358 /* Sources */,
				846A09C92B43AB0000236358 /* Frameworks */,
				846A09CA2B43AB0000236358 /* Resources */,
			);
			buildRules = (
			);
			dependencies = (
			);
			name = "ios-contact-manager-ui";
			productName = "ios-contact-manager-ui";
			productReference = 846A09CC2B43AB0000236358 /* ios-contact-manager-ui.app */;
			productType = "com.apple.product-type.application";
		};
/* End PBXNativeTarget section */

/* Begin PBXProject section */
		846A09C42B43AB0000236358 /* Project object */ = {
			isa = PBXProject;
			attributes = {
				BuildIndependentTargetsInParallel = 1;
				LastSwiftUpdateCheck = 1510;
				LastUpgradeCheck = 1510;
				TargetAttributes = {
					846A09CB2B43AB0000236358 = {
						CreatedOnToolsVersion = 15.1;
					};
				};
			};
			buildConfigurationList = 846A09C72B43AB0000236358 /* Build configuration list for PBXProject "ios-contact-manager-ui" */;
			compatibilityVersion = "Xcode 14.0";
			developmentRegion = en;
			hasScannedForEncodings = 0;
			knownRegions = (
				en,
				Base,
			);
			mainGroup = 846A09C32B43AB0000236358;
			productRefGroup = 846A09CD2B43AB0000236358 /* Products */;
			projectDirPath = "";
			projectRoot = "";
			targets = (
				846A09CB2B43AB0000236358 /* ios-contact-manager-ui */,
			);
		};
/* End PBXProject section */

/* Begin PBXResourcesBuildPhase section */
		846A09CA2B43AB0000236358 /* Resources */ = {
			isa = PBXResourcesBuildPhase;
			buildActionMask = 2147483647;
			files = (
				846A09DC2B43AB0200236358 /* LaunchScreen.storyboard in Resources */,
				846A09D92B43AB0200236358 /* Assets.xcassets in Resources */,
				846A09D72B43AB0000236358 /* Main.storyboard in Resources */,
			);
			runOnlyForDeploymentPostprocessing = 0;
		};
/* End PBXResourcesBuildPhase section */

/* Begin PBXSourcesBuildPhase section */
		846A09C82B43AB0000236358 /* Sources */ = {
			isa = PBXSourcesBuildPhase;
			buildActionMask = 2147483647;
			files = (
				278225122B5128EA000A5EEE /* Array+.swift in Sources */,
				846F3E592B47B9D300FE38D1 /* ContactTableViewCell.swift in Sources */,
				277DCD0A2B4B8DA90076784E /* AddContactViewController.swift in Sources */,
				278225142B512A43000A5EEE /* NotificationName+.swift in Sources */,
				274612932B4D2218000372A3 /* UIViewController+.swift in Sources */,
				846A09E62B43F89D00236358 /* ContactManager.swift in Sources */,
				846A09E42B43F71800236358 /* Contact.swift in Sources */,
				846A09D42B43AB0000236358 /* ContactListViewController.swift in Sources */,
				278225102B51284C000A5EEE /* ContactTableViewErrorCell.swift in Sources */,
				2782250E2B5127C1000A5EEE /* String+.swift in Sources */,
				846A09D02B43AB0000236358 /* AppDelegate.swift in Sources */,
				846A09D22B43AB0000236358 /* SceneDelegate.swift in Sources */,
			);
			runOnlyForDeploymentPostprocessing = 0;
		};
/* End PBXSourcesBuildPhase section */

/* Begin PBXVariantGroup section */
		846A09D52B43AB0000236358 /* Main.storyboard */ = {
			isa = PBXVariantGroup;
			children = (
				846A09D62B43AB0000236358 /* Base */,
			);
			name = Main.storyboard;
			sourceTree = "<group>";
		};
		846A09DA2B43AB0200236358 /* LaunchScreen.storyboard */ = {
			isa = PBXVariantGroup;
			children = (
				846A09DB2B43AB0200236358 /* Base */,
			);
			name = LaunchScreen.storyboard;
			sourceTree = "<group>";
		};
/* End PBXVariantGroup section */

/* Begin XCBuildConfiguration section */
		846A09DE2B43AB0200236358 /* Debug */ = {
			isa = XCBuildConfiguration;
			buildSettings = {
				ALWAYS_SEARCH_USER_PATHS = NO;
				ASSETCATALOG_COMPILER_GENERATE_SWIFT_ASSET_SYMBOL_EXTENSIONS = YES;
				CLANG_ANALYZER_NONNULL = YES;
				CLANG_ANALYZER_NUMBER_OBJECT_CONVERSION = YES_AGGRESSIVE;
				CLANG_CXX_LANGUAGE_STANDARD = "gnu++20";
				CLANG_ENABLE_MODULES = YES;
				CLANG_ENABLE_OBJC_ARC = YES;
				CLANG_ENABLE_OBJC_WEAK = YES;
				CLANG_WARN_BLOCK_CAPTURE_AUTORELEASING = YES;
				CLANG_WARN_BOOL_CONVERSION = YES;
				CLANG_WARN_COMMA = YES;
				CLANG_WARN_CONSTANT_CONVERSION = YES;
				CLANG_WARN_DEPRECATED_OBJC_IMPLEMENTATIONS = YES;
				CLANG_WARN_DIRECT_OBJC_ISA_USAGE = YES_ERROR;
				CLANG_WARN_DOCUMENTATION_COMMENTS = YES;
				CLANG_WARN_EMPTY_BODY = YES;
				CLANG_WARN_ENUM_CONVERSION = YES;
				CLANG_WARN_INFINITE_RECURSION = YES;
				CLANG_WARN_INT_CONVERSION = YES;
				CLANG_WARN_NON_LITERAL_NULL_CONVERSION = YES;
				CLANG_WARN_OBJC_IMPLICIT_RETAIN_SELF = YES;
				CLANG_WARN_OBJC_LITERAL_CONVERSION = YES;
				CLANG_WARN_OBJC_ROOT_CLASS = YES_ERROR;
				CLANG_WARN_QUOTED_INCLUDE_IN_FRAMEWORK_HEADER = YES;
				CLANG_WARN_RANGE_LOOP_ANALYSIS = YES;
				CLANG_WARN_STRICT_PROTOTYPES = YES;
				CLANG_WARN_SUSPICIOUS_MOVE = YES;
				CLANG_WARN_UNGUARDED_AVAILABILITY = YES_AGGRESSIVE;
				CLANG_WARN_UNREACHABLE_CODE = YES;
				CLANG_WARN__DUPLICATE_METHOD_MATCH = YES;
				COPY_PHASE_STRIP = NO;
				DEBUG_INFORMATION_FORMAT = dwarf;
				ENABLE_STRICT_OBJC_MSGSEND = YES;
				ENABLE_TESTABILITY = YES;
				ENABLE_USER_SCRIPT_SANDBOXING = YES;
				GCC_C_LANGUAGE_STANDARD = gnu17;
				GCC_DYNAMIC_NO_PIC = NO;
				GCC_NO_COMMON_BLOCKS = YES;
				GCC_OPTIMIZATION_LEVEL = 0;
				GCC_PREPROCESSOR_DEFINITIONS = (
					"DEBUG=1",
					"$(inherited)",
				);
				GCC_WARN_64_TO_32_BIT_CONVERSION = YES;
				GCC_WARN_ABOUT_RETURN_TYPE = YES_ERROR;
				GCC_WARN_UNDECLARED_SELECTOR = YES;
				GCC_WARN_UNINITIALIZED_AUTOS = YES_AGGRESSIVE;
				GCC_WARN_UNUSED_FUNCTION = YES;
				GCC_WARN_UNUSED_VARIABLE = YES;
				IPHONEOS_DEPLOYMENT_TARGET = 17.2;
				LOCALIZATION_PREFERS_STRING_CATALOGS = YES;
				MTL_ENABLE_DEBUG_INFO = INCLUDE_SOURCE;
				MTL_FAST_MATH = YES;
				ONLY_ACTIVE_ARCH = YES;
				SDKROOT = iphoneos;
				SWIFT_ACTIVE_COMPILATION_CONDITIONS = "DEBUG $(inherited)";
				SWIFT_OPTIMIZATION_LEVEL = "-Onone";
			};
			name = Debug;
		};
		846A09DF2B43AB0200236358 /* Release */ = {
			isa = XCBuildConfiguration;
			buildSettings = {
				ALWAYS_SEARCH_USER_PATHS = NO;
				ASSETCATALOG_COMPILER_GENERATE_SWIFT_ASSET_SYMBOL_EXTENSIONS = YES;
				CLANG_ANALYZER_NONNULL = YES;
				CLANG_ANALYZER_NUMBER_OBJECT_CONVERSION = YES_AGGRESSIVE;
				CLANG_CXX_LANGUAGE_STANDARD = "gnu++20";
				CLANG_ENABLE_MODULES = YES;
				CLANG_ENABLE_OBJC_ARC = YES;
				CLANG_ENABLE_OBJC_WEAK = YES;
				CLANG_WARN_BLOCK_CAPTURE_AUTORELEASING = YES;
				CLANG_WARN_BOOL_CONVERSION = YES;
				CLANG_WARN_COMMA = YES;
				CLANG_WARN_CONSTANT_CONVERSION = YES;
				CLANG_WARN_DEPRECATED_OBJC_IMPLEMENTATIONS = YES;
				CLANG_WARN_DIRECT_OBJC_ISA_USAGE = YES_ERROR;
				CLANG_WARN_DOCUMENTATION_COMMENTS = YES;
				CLANG_WARN_EMPTY_BODY = YES;
				CLANG_WARN_ENUM_CONVERSION = YES;
				CLANG_WARN_INFINITE_RECURSION = YES;
				CLANG_WARN_INT_CONVERSION = YES;
				CLANG_WARN_NON_LITERAL_NULL_CONVERSION = YES;
				CLANG_WARN_OBJC_IMPLICIT_RETAIN_SELF = YES;
				CLANG_WARN_OBJC_LITERAL_CONVERSION = YES;
				CLANG_WARN_OBJC_ROOT_CLASS = YES_ERROR;
				CLANG_WARN_QUOTED_INCLUDE_IN_FRAMEWORK_HEADER = YES;
				CLANG_WARN_RANGE_LOOP_ANALYSIS = YES;
				CLANG_WARN_STRICT_PROTOTYPES = YES;
				CLANG_WARN_SUSPICIOUS_MOVE = YES;
				CLANG_WARN_UNGUARDED_AVAILABILITY = YES_AGGRESSIVE;
				CLANG_WARN_UNREACHABLE_CODE = YES;
				CLANG_WARN__DUPLICATE_METHOD_MATCH = YES;
				COPY_PHASE_STRIP = NO;
				DEBUG_INFORMATION_FORMAT = "dwarf-with-dsym";
				ENABLE_NS_ASSERTIONS = NO;
				ENABLE_STRICT_OBJC_MSGSEND = YES;
				ENABLE_USER_SCRIPT_SANDBOXING = YES;
				GCC_C_LANGUAGE_STANDARD = gnu17;
				GCC_NO_COMMON_BLOCKS = YES;
				GCC_WARN_64_TO_32_BIT_CONVERSION = YES;
				GCC_WARN_ABOUT_RETURN_TYPE = YES_ERROR;
				GCC_WARN_UNDECLARED_SELECTOR = YES;
				GCC_WARN_UNINITIALIZED_AUTOS = YES_AGGRESSIVE;
				GCC_WARN_UNUSED_FUNCTION = YES;
				GCC_WARN_UNUSED_VARIABLE = YES;
				IPHONEOS_DEPLOYMENT_TARGET = 17.2;
				LOCALIZATION_PREFERS_STRING_CATALOGS = YES;
				MTL_ENABLE_DEBUG_INFO = NO;
				MTL_FAST_MATH = YES;
				SDKROOT = iphoneos;
				SWIFT_COMPILATION_MODE = wholemodule;
				VALIDATE_PRODUCT = YES;
			};
			name = Release;
		};
		846A09E12B43AB0200236358 /* Debug */ = {
			isa = XCBuildConfiguration;
			buildSettings = {
				ASSETCATALOG_COMPILER_APPICON_NAME = AppIcon;
				ASSETCATALOG_COMPILER_GLOBAL_ACCENT_COLOR_NAME = AccentColor;
				CODE_SIGN_STYLE = Automatic;
				CURRENT_PROJECT_VERSION = 1;
				DEVELOPMENT_TEAM = K9NKZR257N;
				GENERATE_INFOPLIST_FILE = YES;
				INFOPLIST_FILE = "ios-contact-manager-ui/Info.plist";
				INFOPLIST_KEY_UIApplicationSupportsIndirectInputEvents = YES;
				INFOPLIST_KEY_UILaunchStoryboardName = LaunchScreen;
				INFOPLIST_KEY_UIMainStoryboardFile = Main;
				INFOPLIST_KEY_UISupportedInterfaceOrientations_iPad = "UIInterfaceOrientationPortrait UIInterfaceOrientationPortraitUpsideDown UIInterfaceOrientationLandscapeLeft UIInterfaceOrientationLandscapeRight";
				INFOPLIST_KEY_UISupportedInterfaceOrientations_iPhone = "UIInterfaceOrientationPortrait UIInterfaceOrientationLandscapeLeft UIInterfaceOrientationLandscapeRight";
				IPHONEOS_DEPLOYMENT_TARGET = 17.2;
				LD_RUNPATH_SEARCH_PATHS = (
					"$(inherited)",
					"@executable_path/Frameworks",
				);
				MARKETING_VERSION = 1.0;
				PRODUCT_BUNDLE_IDENTIFIER = "yoruck2.ios-contact-manager-ui";
				PRODUCT_NAME = "$(TARGET_NAME)";
				SWIFT_EMIT_LOC_STRINGS = YES;
				SWIFT_VERSION = 5.0;
				TARGETED_DEVICE_FAMILY = "1,2";
			};
			name = Debug;
		};
		846A09E22B43AB0200236358 /* Release */ = {
			isa = XCBuildConfiguration;
			buildSettings = {
				ASSETCATALOG_COMPILER_APPICON_NAME = AppIcon;
				ASSETCATALOG_COMPILER_GLOBAL_ACCENT_COLOR_NAME = AccentColor;
				CODE_SIGN_STYLE = Automatic;
				CURRENT_PROJECT_VERSION = 1;
				DEVELOPMENT_TEAM = K9NKZR257N;
				GENERATE_INFOPLIST_FILE = YES;
				INFOPLIST_FILE = "ios-contact-manager-ui/Info.plist";
				INFOPLIST_KEY_UIApplicationSupportsIndirectInputEvents = YES;
				INFOPLIST_KEY_UILaunchStoryboardName = LaunchScreen;
				INFOPLIST_KEY_UIMainStoryboardFile = Main;
				INFOPLIST_KEY_UISupportedInterfaceOrientations_iPad = "UIInterfaceOrientationPortrait UIInterfaceOrientationPortraitUpsideDown UIInterfaceOrientationLandscapeLeft UIInterfaceOrientationLandscapeRight";
				INFOPLIST_KEY_UISupportedInterfaceOrientations_iPhone = "UIInterfaceOrientationPortrait UIInterfaceOrientationLandscapeLeft UIInterfaceOrientationLandscapeRight";
				IPHONEOS_DEPLOYMENT_TARGET = 17.2;
				LD_RUNPATH_SEARCH_PATHS = (
					"$(inherited)",
					"@executable_path/Frameworks",
				);
				MARKETING_VERSION = 1.0;
				PRODUCT_BUNDLE_IDENTIFIER = "yoruck2.ios-contact-manager-ui";
				PRODUCT_NAME = "$(TARGET_NAME)";
				SWIFT_EMIT_LOC_STRINGS = YES;
				SWIFT_VERSION = 5.0;
				TARGETED_DEVICE_FAMILY = "1,2";
			};
			name = Release;
		};
/* End XCBuildConfiguration section */

/* Begin XCConfigurationList section */
		846A09C72B43AB0000236358 /* Build configuration list for PBXProject "ios-contact-manager-ui" */ = {
			isa = XCConfigurationList;
			buildConfigurations = (
				846A09DE2B43AB0200236358 /* Debug */,
				846A09DF2B43AB0200236358 /* Release */,
			);
			defaultConfigurationIsVisible = 0;
			defaultConfigurationName = Release;
		};
		846A09E02B43AB0200236358 /* Build configuration list for PBXNativeTarget "ios-contact-manager-ui" */ = {
			isa = XCConfigurationList;
			buildConfigurations = (
				846A09E12B43AB0200236358 /* Debug */,
				846A09E22B43AB0200236358 /* Release */,
			);
			defaultConfigurationIsVisible = 0;
			defaultConfigurationName = Release;
		};
/* End XCConfigurationList section */
	};
	rootObject = 846A09C42B43AB0000236358 /* Project object */;
}
